// !$*UTF8*$!
{
	archiveVersion = 1;
	classes = {
	};
	objectVersion = 77;
	objects = {

/* Begin PBXBuildFile section */
		266A1C072D1A78F000787171 /* PortfolioContainer.xcdatamodeld in Sources */ = {isa = PBXBuildFile; fileRef = 266A1C052D1A78F000787171 /* PortfolioContainer.xcdatamodeld */; };
		266A1C092D1A794D00787171 /* PortfolioDataService.swift in Sources */ = {isa = PBXBuildFile; fileRef = 266A1C082D1A794D00787171 /* PortfolioDataService.swift */; };
		26A771E22D16718A00256395 /* NetworkingManager.swift in Sources */ = {isa = PBXBuildFile; fileRef = 26A771E12D16718A00256395 /* NetworkingManager.swift */; };
		26A771E72D168FC900256395 /* CoinImageService.swift in Sources */ = {isa = PBXBuildFile; fileRef = 26A771E62D168FC900256395 /* CoinImageService.swift */; };
		26B200FB2D1DD8A60037977D /* HapticManager.swift in Sources */ = {isa = PBXBuildFile; fileRef = 26B200FA2D1DD8A60037977D /* HapticManager.swift */; };
		26C9E2582D18779B00A91048 /* UIApplication.swift in Sources */ = {isa = PBXBuildFile; fileRef = 26C9E2572D18779B00A91048 /* UIApplication.swift */; };
		26C9E25A2D1885AA00A91048 /* LocalFileManager.swift in Sources */ = {isa = PBXBuildFile; fileRef = 26C9E2592D1885AA00A91048 /* LocalFileManager.swift */; };
		26D03CCF2D210F7700E17D82 /* ChartView.swift in Sources */ = {isa = PBXBuildFile; fileRef = 26D03CCE2D210F7700E17D82 /* ChartView.swift */; };
		26D03CD12D21169500E17D82 /* Date.swift in Sources */ = {isa = PBXBuildFile; fileRef = 26D03CD02D21169500E17D82 /* Date.swift */; };
		26D03CD32D21264D00E17D82 /* String.swift in Sources */ = {isa = PBXBuildFile; fileRef = 26D03CD22D21264D00E17D82 /* String.swift */; };
		26E9C6F92D1E6FA400C9E92E /* DetailView.swift in Sources */ = {isa = PBXBuildFile; fileRef = 26E9C6F82D1E6FA400C9E92E /* DetailView.swift */; };
		26E9C6FB2D1E886A00C9E92E /* CoinDetailModel.swift in Sources */ = {isa = PBXBuildFile; fileRef = 26E9C6FA2D1E886A00C9E92E /* CoinDetailModel.swift */; };
		26E9C6FD2D1E905000C9E92E /* CoinDetailDataService.swift in Sources */ = {isa = PBXBuildFile; fileRef = 26E9C6FC2D1E905000C9E92E /* CoinDetailDataService.swift */; };
		26E9C7112D1E918F00C9E92E /* DetailViewModel.swift in Sources */ = {isa = PBXBuildFile; fileRef = 26E9C7102D1E918F00C9E92E /* DetailViewModel.swift */; };
		26EAB81D2D1480590068F407 /* CryptoAppApp.swift in Sources */ = {isa = PBXBuildFile; fileRef = 26EAB81C2D1480590068F407 /* CryptoAppApp.swift */; };
		26EAB8352D14823B0068F407 /* Assets.xcassets in Resources */ = {isa = PBXBuildFile; fileRef = 26EAB8342D14823B0068F407 /* Assets.xcassets */; };
		26EAB8382D14830D0068F407 /* Color.swift in Sources */ = {isa = PBXBuildFile; fileRef = 26EAB8372D14830D0068F407 /* Color.swift */; };
		26EAB83D2D148F500068F407 /* HomeView.swift in Sources */ = {isa = PBXBuildFile; fileRef = 26EAB83C2D148F500068F407 /* HomeView.swift */; };
		26EB8C4E2D1923B20058FB68 /* StatisticModel.swift in Sources */ = {isa = PBXBuildFile; fileRef = 26EB8C4D2D1923B20058FB68 /* StatisticModel.swift */; };
		26EB8C502D19295B0058FB68 /* HomeStatusViews.swift in Sources */ = {isa = PBXBuildFile; fileRef = 26EB8C4F2D19295B0058FB68 /* HomeStatusViews.swift */; };
		26EB8C522D195C8B0058FB68 /* MarketDataModel.swift in Sources */ = {isa = PBXBuildFile; fileRef = 26EB8C512D195C8B0058FB68 /* MarketDataModel.swift */; };
		26EB8C542D198C820058FB68 /* MarketDataService.swift in Sources */ = {isa = PBXBuildFile; fileRef = 26EB8C532D198C820058FB68 /* MarketDataService.swift */; };
		26EB8C562D19ABFB0058FB68 /* PortfolioView.swift in Sources */ = {isa = PBXBuildFile; fileRef = 26EB8C552D19ABFB0058FB68 /* PortfolioView.swift */; };
		26FC44932D15310300352E71 /* CoinModel.swift in Sources */ = {isa = PBXBuildFile; fileRef = 26FC44922D15310300352E71 /* CoinModel.swift */; };
		26FC44952D15517400352E71 /* CoinRowView.swift in Sources */ = {isa = PBXBuildFile; fileRef = 26FC44942D15517400352E71 /* CoinRowView.swift */; };
		26FC449D2D15773100352E71 /* PreviewProvider.swift in Sources */ = {isa = PBXBuildFile; fileRef = 26FC449C2D15773100352E71 /* PreviewProvider.swift */; };
		26FC449F2D15988B00352E71 /* Double.swift in Sources */ = {isa = PBXBuildFile; fileRef = 26FC449E2D15988B00352E71 /* Double.swift */; };
		26FC44D52D15C7EB00352E71 /* HomeViewModel.swift in Sources */ = {isa = PBXBuildFile; fileRef = 26FC44D42D15C7EB00352E71 /* HomeViewModel.swift */; };
		26FC44D72D15D88E00352E71 /* EnvironmentValues.swift in Sources */ = {isa = PBXBuildFile; fileRef = 26FC44D62D15D88E00352E71 /* EnvironmentValues.swift */; };
		26FC44DA2D15DE6700352E71 /* CoinDataService.swift in Sources */ = {isa = PBXBuildFile; fileRef = 26FC44D92D15DE6700352E71 /* CoinDataService.swift */; };
/* End PBXBuildFile section */

/* Begin PBXFileReference section */
		266A1C062D1A78F000787171 /* PortfolioContainer.xcdatamodel */ = {isa = PBXFileReference; lastKnownFileType = wrapper.xcdatamodel; path = PortfolioContainer.xcdatamodel; sourceTree = "<group>"; };
		266A1C082D1A794D00787171 /* PortfolioDataService.swift */ = {isa = PBXFileReference; lastKnownFileType = sourcecode.swift; path = PortfolioDataService.swift; sourceTree = "<group>"; };
		26A771E12D16718A00256395 /* NetworkingManager.swift */ = {isa = PBXFileReference; lastKnownFileType = sourcecode.swift; path = NetworkingManager.swift; sourceTree = "<group>"; };
		26A771E62D168FC900256395 /* CoinImageService.swift */ = {isa = PBXFileReference; lastKnownFileType = sourcecode.swift; path = CoinImageService.swift; sourceTree = "<group>"; };
		26B200FA2D1DD8A60037977D /* HapticManager.swift */ = {isa = PBXFileReference; lastKnownFileType = sourcecode.swift; path = HapticManager.swift; sourceTree = "<group>"; };
		26C9E2572D18779B00A91048 /* UIApplication.swift */ = {isa = PBXFileReference; lastKnownFileType = sourcecode.swift; path = UIApplication.swift; sourceTree = "<group>"; };
		26C9E2592D1885AA00A91048 /* LocalFileManager.swift */ = {isa = PBXFileReference; lastKnownFileType = sourcecode.swift; path = LocalFileManager.swift; sourceTree = "<group>"; };
		26D03CCE2D210F7700E17D82 /* ChartView.swift */ = {isa = PBXFileReference; lastKnownFileType = sourcecode.swift; path = ChartView.swift; sourceTree = "<group>"; };
		26D03CD02D21169500E17D82 /* Date.swift */ = {isa = PBXFileReference; lastKnownFileType = sourcecode.swift; path = Date.swift; sourceTree = "<group>"; };
		26D03CD22D21264D00E17D82 /* String.swift */ = {isa = PBXFileReference; lastKnownFileType = sourcecode.swift; path = String.swift; sourceTree = "<group>"; };
		26E9C6F82D1E6FA400C9E92E /* DetailView.swift */ = {isa = PBXFileReference; lastKnownFileType = sourcecode.swift; path = DetailView.swift; sourceTree = "<group>"; };
		26E9C6FA2D1E886A00C9E92E /* CoinDetailModel.swift */ = {isa = PBXFileReference; lastKnownFileType = sourcecode.swift; path = CoinDetailModel.swift; sourceTree = "<group>"; };
		26E9C6FC2D1E905000C9E92E /* CoinDetailDataService.swift */ = {isa = PBXFileReference; lastKnownFileType = sourcecode.swift; path = CoinDetailDataService.swift; sourceTree = "<group>"; };
		26E9C7102D1E918F00C9E92E /* DetailViewModel.swift */ = {isa = PBXFileReference; lastKnownFileType = sourcecode.swift; path = DetailViewModel.swift; sourceTree = "<group>"; };
		26EAB8192D1480590068F407 /* CryptoApp.app */ = {isa = PBXFileReference; explicitFileType = wrapper.application; includeInIndex = 0; path = CryptoApp.app; sourceTree = BUILT_PRODUCTS_DIR; };
		26EAB81C2D1480590068F407 /* CryptoAppApp.swift */ = {isa = PBXFileReference; lastKnownFileType = sourcecode.swift; path = CryptoAppApp.swift; sourceTree = "<group>"; };
		26EAB8342D14823B0068F407 /* Assets.xcassets */ = {isa = PBXFileReference; lastKnownFileType = folder.assetcatalog; path = Assets.xcassets; sourceTree = "<group>"; };
		26EAB8372D14830D0068F407 /* Color.swift */ = {isa = PBXFileReference; lastKnownFileType = sourcecode.swift; path = Color.swift; sourceTree = "<group>"; };
		26EAB83C2D148F500068F407 /* HomeView.swift */ = {isa = PBXFileReference; lastKnownFileType = sourcecode.swift; path = HomeView.swift; sourceTree = "<group>"; };
		26EB8C4D2D1923B20058FB68 /* StatisticModel.swift */ = {isa = PBXFileReference; lastKnownFileType = sourcecode.swift; path = StatisticModel.swift; sourceTree = "<group>"; };
		26EB8C4F2D19295B0058FB68 /* HomeStatusViews.swift */ = {isa = PBXFileReference; lastKnownFileType = sourcecode.swift; path = HomeStatusViews.swift; sourceTree = "<group>"; };
		26EB8C512D195C8B0058FB68 /* MarketDataModel.swift */ = {isa = PBXFileReference; lastKnownFileType = sourcecode.swift; path = MarketDataModel.swift; sourceTree = "<group>"; };
		26EB8C532D198C820058FB68 /* MarketDataService.swift */ = {isa = PBXFileReference; lastKnownFileType = sourcecode.swift; path = MarketDataService.swift; sourceTree = "<group>"; };
		26EB8C552D19ABFB0058FB68 /* PortfolioView.swift */ = {isa = PBXFileReference; lastKnownFileType = sourcecode.swift; path = PortfolioView.swift; sourceTree = "<group>"; };
		26FC44922D15310300352E71 /* CoinModel.swift */ = {isa = PBXFileReference; lastKnownFileType = sourcecode.swift; path = CoinModel.swift; sourceTree = "<group>"; };
		26FC44942D15517400352E71 /* CoinRowView.swift */ = {isa = PBXFileReference; lastKnownFileType = sourcecode.swift; path = CoinRowView.swift; sourceTree = "<group>"; };
		26FC449C2D15773100352E71 /* PreviewProvider.swift */ = {isa = PBXFileReference; lastKnownFileType = sourcecode.swift; path = PreviewProvider.swift; sourceTree = "<group>"; };
		26FC449E2D15988B00352E71 /* Double.swift */ = {isa = PBXFileReference; lastKnownFileType = sourcecode.swift; path = Double.swift; sourceTree = "<group>"; };
		26FC44D42D15C7EB00352E71 /* HomeViewModel.swift */ = {isa = PBXFileReference; lastKnownFileType = sourcecode.swift; path = HomeViewModel.swift; sourceTree = "<group>"; };
		26FC44D62D15D88E00352E71 /* EnvironmentValues.swift */ = {isa = PBXFileReference; lastKnownFileType = sourcecode.swift; path = EnvironmentValues.swift; sourceTree = "<group>"; };
		26FC44D92D15DE6700352E71 /* CoinDataService.swift */ = {isa = PBXFileReference; lastKnownFileType = sourcecode.swift; path = CoinDataService.swift; sourceTree = "<group>"; };
/* End PBXFileReference section */

/* Begin PBXFileSystemSynchronizedRootGroup section */
		26A771E32D168D5800256395 /* CoinImage */ = {
			isa = PBXFileSystemSynchronizedRootGroup;
			path = CoinImage;
			sourceTree = "<group>";
		};
		26C9E2522D18737D00A91048 /* SearchBar */ = {
			isa = PBXFileSystemSynchronizedRootGroup;
			path = SearchBar;
			sourceTree = "<group>";
		};
		26EAB82E2D1480B90068F407 /* Preview Content */ = {
			isa = PBXFileSystemSynchronizedRootGroup;
			path = "Preview Content";
			sourceTree = "<group>";
		};
		26EAB83E2D14920E0068F407 /* CircleButton */ = {
			isa = PBXFileSystemSynchronizedRootGroup;
			path = CircleButton;
			sourceTree = "<group>";
		};
		26EB8C4A2D1923630058FB68 /* StatisticView */ = {
			isa = PBXFileSystemSynchronizedRootGroup;
			path = StatisticView;
			sourceTree = "<group>";
		};
		26EB8C572D19B0E50058FB68 /* XMarkButton */ = {
			isa = PBXFileSystemSynchronizedRootGroup;
			path = XMarkButton;
			sourceTree = "<group>";
		};
/* End PBXFileSystemSynchronizedRootGroup section */

/* Begin PBXFrameworksBuildPhase section */
		26EAB8162D1480590068F407 /* Frameworks */ = {
			isa = PBXFrameworksBuildPhase;
			buildActionMask = 2147483647;
			files = (
			);
			runOnlyForDeploymentPostprocessing = 0;
		};
/* End PBXFrameworksBuildPhase section */

/* Begin PBXGroup section */
		26A771E02D16716300256395 /* Utilities */ = {
			isa = PBXGroup;
			children = (
				26A771E12D16718A00256395 /* NetworkingManager.swift */,
				26B200FA2D1DD8A60037977D /* HapticManager.swift */,
			);
			path = Utilities;
			sourceTree = "<group>";
		};
		26E9C6F52D1E6F7000C9E92E /* DetailView */ = {
			isa = PBXGroup;
			children = (
				26E9C6F72D1E6F9200C9E92E /* Views */,
				26E9C6F62D1E6F8200C9E92E /* ViewModel */,
			);
			path = DetailView;
			sourceTree = "<group>";
		};
		26E9C6F62D1E6F8200C9E92E /* ViewModel */ = {
			isa = PBXGroup;
			children = (
				26E9C7102D1E918F00C9E92E /* DetailViewModel.swift */,
			);
			path = ViewModel;
			sourceTree = "<group>";
		};
		26E9C6F72D1E6F9200C9E92E /* Views */ = {
			isa = PBXGroup;
			children = (
				26E9C6F82D1E6FA400C9E92E /* DetailView.swift */,
				26D03CCE2D210F7700E17D82 /* ChartView.swift */,
			);
			path = Views;
			sourceTree = "<group>";
		};
		26EAB8102D1480590068F407 = {
			isa = PBXGroup;
			children = (
				26A771E02D16716300256395 /* Utilities */,
				26EAB82A2D1480830068F407 /* App */,
				26FC44D82D15DE1200352E71 /* Services */,
				26FC44912D1530ED00352E71 /* Models */,
				26EAB8392D148F140068F407 /* Core */,
				26EAB8362D1482CC0068F407 /* Extension */,
				26EAB82C2D1480A90068F407 /* Resourses */,
				26EAB81A2D1480590068F407 /* Products */,
			);
			sourceTree = "<group>";
		};
		26EAB81A2D1480590068F407 /* Products */ = {
			isa = PBXGroup;
			children = (
				26EAB8192D1480590068F407 /* CryptoApp.app */,
			);
			name = Products;
			sourceTree = "<group>";
		};
		26EAB82A2D1480830068F407 /* App */ = {
			isa = PBXGroup;
			children = (
				26EAB81C2D1480590068F407 /* CryptoAppApp.swift */,
			);
			path = App;
			sourceTree = "<group>";
		};
		26EAB82C2D1480A90068F407 /* Resourses */ = {
			isa = PBXGroup;
			children = (
				26EAB8342D14823B0068F407 /* Assets.xcassets */,
				26EAB82E2D1480B90068F407 /* Preview Content */,
			);
			path = Resourses;
			sourceTree = "<group>";
		};
		26EAB8362D1482CC0068F407 /* Extension */ = {
			isa = PBXGroup;
			children = (
				26EAB8372D14830D0068F407 /* Color.swift */,
				26FC449C2D15773100352E71 /* PreviewProvider.swift */,
				26FC449E2D15988B00352E71 /* Double.swift */,
				26FC44D62D15D88E00352E71 /* EnvironmentValues.swift */,
				26C9E2572D18779B00A91048 /* UIApplication.swift */,
				26D03CD02D21169500E17D82 /* Date.swift */,
				26D03CD22D21264D00E17D82 /* String.swift */,
			);
			path = Extension;
			sourceTree = "<group>";
		};
		26EAB8392D148F140068F407 /* Core */ = {
			isa = PBXGroup;
			children = (
				26E9C6F52D1E6F7000C9E92E /* DetailView */,
				26EAB83B2D148F390068F407 /* Home */,
				26EAB83A2D148F290068F407 /* Components */,
			);
			path = Core;
			sourceTree = "<group>";
		};
		26EAB83A2D148F290068F407 /* Components */ = {
			isa = PBXGroup;
			children = (
				26EB8C572D19B0E50058FB68 /* XMarkButton */,
				26EB8C4A2D1923630058FB68 /* StatisticView */,
				26C9E2522D18737D00A91048 /* SearchBar */,
				26A771E32D168D5800256395 /* CoinImage */,
				26EAB83E2D14920E0068F407 /* CircleButton */,
			);
			path = Components;
			sourceTree = "<group>";
		};
		26EAB83B2D148F390068F407 /* Home */ = {
			isa = PBXGroup;
			children = (
				26EAB8442D14924F0068F407 /* Views */,
				26EAB8432D1492450068F407 /* ViewModel */,
			);
			path = Home;
			sourceTree = "<group>";
		};
		26EAB8432D1492450068F407 /* ViewModel */ = {
			isa = PBXGroup;
			children = (
				26FC44D42D15C7EB00352E71 /* HomeViewModel.swift */,
			);
			path = ViewModel;
			sourceTree = "<group>";
		};
		26EAB8442D14924F0068F407 /* Views */ = {
			isa = PBXGroup;
			children = (
				26EAB83C2D148F500068F407 /* HomeView.swift */,
				26FC44942D15517400352E71 /* CoinRowView.swift */,
				26EB8C4F2D19295B0058FB68 /* HomeStatusViews.swift */,
				26EB8C552D19ABFB0058FB68 /* PortfolioView.swift */,
			);
			path = Views;
			sourceTree = "<group>";
		};
		26FC44912D1530ED00352E71 /* Models */ = {
			isa = PBXGroup;
			children = (
				26FC44922D15310300352E71 /* CoinModel.swift */,
				26EB8C4D2D1923B20058FB68 /* StatisticModel.swift */,
				26EB8C512D195C8B0058FB68 /* MarketDataModel.swift */,
				266A1C052D1A78F000787171 /* PortfolioContainer.xcdatamodeld */,
				26E9C6FA2D1E886A00C9E92E /* CoinDetailModel.swift */,
			);
			path = Models;
			sourceTree = "<group>";
		};
		26FC44D82D15DE1200352E71 /* Services */ = {
			isa = PBXGroup;
			children = (
				26FC44D92D15DE6700352E71 /* CoinDataService.swift */,
				26A771E62D168FC900256395 /* CoinImageService.swift */,
				26C9E2592D1885AA00A91048 /* LocalFileManager.swift */,
				26EB8C532D198C820058FB68 /* MarketDataService.swift */,
				266A1C082D1A794D00787171 /* PortfolioDataService.swift */,
				26E9C6FC2D1E905000C9E92E /* CoinDetailDataService.swift */,
			);
			path = Services;
			sourceTree = "<group>";
		};
/* End PBXGroup section */

/* Begin PBXNativeTarget section */
		26EAB8182D1480590068F407 /* CryptoApp */ = {
			isa = PBXNativeTarget;
			buildConfigurationList = 26EAB8272D14805B0068F407 /* Build configuration list for PBXNativeTarget "CryptoApp" */;
			buildPhases = (
				26EAB8152D1480590068F407 /* Sources */,
				26EAB8162D1480590068F407 /* Frameworks */,
				26EAB8172D1480590068F407 /* Resources */,
			);
			buildRules = (
			);
			dependencies = (
			);
			fileSystemSynchronizedGroups = (
				26A771E32D168D5800256395 /* CoinImage */,
				26C9E2522D18737D00A91048 /* SearchBar */,
				26EAB82E2D1480B90068F407 /* Preview Content */,
				26EAB83E2D14920E0068F407 /* CircleButton */,
				26EB8C4A2D1923630058FB68 /* StatisticView */,
				26EB8C572D19B0E50058FB68 /* XMarkButton */,
			);
			name = CryptoApp;
			packageProductDependencies = (
			);
			productName = CryptoApp;
			productReference = 26EAB8192D1480590068F407 /* CryptoApp.app */;
			productType = "com.apple.product-type.application";
		};
/* End PBXNativeTarget section */

/* Begin PBXProject section */
		26EAB8112D1480590068F407 /* Project object */ = {
			isa = PBXProject;
			attributes = {
				BuildIndependentTargetsInParallel = 1;
				LastSwiftUpdateCheck = 1610;
				LastUpgradeCheck = 1610;
				TargetAttributes = {
					26EAB8182D1480590068F407 = {
						CreatedOnToolsVersion = 16.1;
					};
				};
			};
			buildConfigurationList = 26EAB8142D1480590068F407 /* Build configuration list for PBXProject "CryptoApp" */;
			developmentRegion = en;
			hasScannedForEncodings = 0;
			knownRegions = (
				en,
				Base,
			);
			mainGroup = 26EAB8102D1480590068F407;
			minimizedProjectReferenceProxies = 1;
			preferredProjectObjectVersion = 77;
			productRefGroup = 26EAB81A2D1480590068F407 /* Products */;
			projectDirPath = "";
			projectRoot = "";
			targets = (
				26EAB8182D1480590068F407 /* CryptoApp */,
			);
		};
/* End PBXProject section */

/* Begin PBXResourcesBuildPhase section */
		26EAB8172D1480590068F407 /* Resources */ = {
			isa = PBXResourcesBuildPhase;
			buildActionMask = 2147483647;
			files = (
				26EAB8352D14823B0068F407 /* Assets.xcassets in Resources */,
			);
			runOnlyForDeploymentPostprocessing = 0;
		};
/* End PBXResourcesBuildPhase section */

/* Begin PBXSourcesBuildPhase section */
		26EAB8152D1480590068F407 /* Sources */ = {
			isa = PBXSourcesBuildPhase;
			buildActionMask = 2147483647;
			files = (
				266A1C072D1A78F000787171 /* PortfolioContainer.xcdatamodeld in Sources */,
				26FC44952D15517400352E71 /* CoinRowView.swift in Sources */,
				26FC44D52D15C7EB00352E71 /* HomeViewModel.swift in Sources */,
				26D03CCF2D210F7700E17D82 /* ChartView.swift in Sources */,
				26EB8C502D19295B0058FB68 /* HomeStatusViews.swift in Sources */,
				26FC44932D15310300352E71 /* CoinModel.swift in Sources */,
				26EB8C542D198C820058FB68 /* MarketDataService.swift in Sources */,
				26D03CD12D21169500E17D82 /* Date.swift in Sources */,
				26EAB83D2D148F500068F407 /* HomeView.swift in Sources */,
				26C9E25A2D1885AA00A91048 /* LocalFileManager.swift in Sources */,
				26FC44DA2D15DE6700352E71 /* CoinDataService.swift in Sources */,
				26E9C6F92D1E6FA400C9E92E /* DetailView.swift in Sources */,
				26B200FB2D1DD8A60037977D /* HapticManager.swift in Sources */,
				26C9E2582D18779B00A91048 /* UIApplication.swift in Sources */,
				26EAB81D2D1480590068F407 /* CryptoAppApp.swift in Sources */,
				26E9C7112D1E918F00C9E92E /* DetailViewModel.swift in Sources */,
				26EAB8382D14830D0068F407 /* Color.swift in Sources */,
				26EB8C4E2D1923B20058FB68 /* StatisticModel.swift in Sources */,
				26FC44D72D15D88E00352E71 /* EnvironmentValues.swift in Sources */,
				26EB8C522D195C8B0058FB68 /* MarketDataModel.swift in Sources */,
				26D03CD32D21264D00E17D82 /* String.swift in Sources */,
				26FC449D2D15773100352E71 /* PreviewProvider.swift in Sources */,
				26FC449F2D15988B00352E71 /* Double.swift in Sources */,
				26A771E72D168FC900256395 /* CoinImageService.swift in Sources */,
				26A771E22D16718A00256395 /* NetworkingManager.swift in Sources */,
				26E9C6FD2D1E905000C9E92E /* CoinDetailDataService.swift in Sources */,
				26E9C6FB2D1E886A00C9E92E /* CoinDetailModel.swift in Sources */,
				26EB8C562D19ABFB0058FB68 /* PortfolioView.swift in Sources */,
				266A1C092D1A794D00787171 /* PortfolioDataService.swift in Sources */,
			);
			runOnlyForDeploymentPostprocessing = 0;
		};
/* End PBXSourcesBuildPhase section */

/* Begin XCBuildConfiguration section */
		26EAB8252D14805B0068F407 /* Debug */ = {
			isa = XCBuildConfiguration;
			buildSettings = {
				ALWAYS_SEARCH_USER_PATHS = NO;
				ASSETCATALOG_COMPILER_GENERATE_SWIFT_ASSET_SYMBOL_EXTENSIONS = YES;
				CLANG_ANALYZER_NONNULL = YES;
				CLANG_ANALYZER_NUMBER_OBJECT_CONVERSION = YES_AGGRESSIVE;
				CLANG_CXX_LANGUAGE_STANDARD = "gnu++20";
				CLANG_ENABLE_MODULES = YES;
				CLANG_ENABLE_OBJC_ARC = YES;
				CLANG_ENABLE_OBJC_WEAK = YES;
				CLANG_WARN_BLOCK_CAPTURE_AUTORELEASING = YES;
				CLANG_WARN_BOOL_CONVERSION = YES;
				CLANG_WARN_COMMA = YES;
				CLANG_WARN_CONSTANT_CONVERSION = YES;
				CLANG_WARN_DEPRECATED_OBJC_IMPLEMENTATIONS = YES;
				CLANG_WARN_DIRECT_OBJC_ISA_USAGE = YES_ERROR;
				CLANG_WARN_DOCUMENTATION_COMMENTS = YES;
				CLANG_WARN_EMPTY_BODY = YES;
				CLANG_WARN_ENUM_CONVERSION = YES;
				CLANG_WARN_INFINITE_RECURSION = YES;
				CLANG_WARN_INT_CONVERSION = YES;
				CLANG_WARN_NON_LITERAL_NULL_CONVERSION = YES;
				CLANG_WARN_OBJC_IMPLICIT_RETAIN_SELF = YES;
				CLANG_WARN_OBJC_LITERAL_CONVERSION = YES;
				CLANG_WARN_OBJC_ROOT_CLASS = YES_ERROR;
				CLANG_WARN_QUOTED_INCLUDE_IN_FRAMEWORK_HEADER = YES;
				CLANG_WARN_RANGE_LOOP_ANALYSIS = YES;
				CLANG_WARN_STRICT_PROTOTYPES = YES;
				CLANG_WARN_SUSPICIOUS_MOVE = YES;
				CLANG_WARN_UNGUARDED_AVAILABILITY = YES_AGGRESSIVE;
				CLANG_WARN_UNREACHABLE_CODE = YES;
				CLANG_WARN__DUPLICATE_METHOD_MATCH = YES;
				COPY_PHASE_STRIP = NO;
				DEBUG_INFORMATION_FORMAT = dwarf;
				ENABLE_STRICT_OBJC_MSGSEND = YES;
				ENABLE_TESTABILITY = YES;
				ENABLE_USER_SCRIPT_SANDBOXING = YES;
				GCC_C_LANGUAGE_STANDARD = gnu17;
				GCC_DYNAMIC_NO_PIC = NO;
				GCC_NO_COMMON_BLOCKS = YES;
				GCC_OPTIMIZATION_LEVEL = 0;
				GCC_PREPROCESSOR_DEFINITIONS = (
					"DEBUG=1",
					"$(inherited)",
				);
				GCC_WARN_64_TO_32_BIT_CONVERSION = YES;
				GCC_WARN_ABOUT_RETURN_TYPE = YES_ERROR;
				GCC_WARN_UNDECLARED_SELECTOR = YES;
				GCC_WARN_UNINITIALIZED_AUTOS = YES_AGGRESSIVE;
				GCC_WARN_UNUSED_FUNCTION = YES;
				GCC_WARN_UNUSED_VARIABLE = YES;
				IPHONEOS_DEPLOYMENT_TARGET = 18.1;
				LOCALIZATION_PREFERS_STRING_CATALOGS = YES;
				MTL_ENABLE_DEBUG_INFO = INCLUDE_SOURCE;
				MTL_FAST_MATH = YES;
				ONLY_ACTIVE_ARCH = YES;
				SDKROOT = iphoneos;
				SWIFT_ACTIVE_COMPILATION_CONDITIONS = "DEBUG $(inherited)";
				SWIFT_OPTIMIZATION_LEVEL = "-Onone";
			};
			name = Debug;
		};
		26EAB8262D14805B0068F407 /* Release */ = {
			isa = XCBuildConfiguration;
			buildSettings = {
				ALWAYS_SEARCH_USER_PATHS = NO;
				ASSETCATALOG_COMPILER_GENERATE_SWIFT_ASSET_SYMBOL_EXTENSIONS = YES;
				CLANG_ANALYZER_NONNULL = YES;
				CLANG_ANALYZER_NUMBER_OBJECT_CONVERSION = YES_AGGRESSIVE;
				CLANG_CXX_LANGUAGE_STANDARD = "gnu++20";
				CLANG_ENABLE_MODULES = YES;
				CLANG_ENABLE_OBJC_ARC = YES;
				CLANG_ENABLE_OBJC_WEAK = YES;
				CLANG_WARN_BLOCK_CAPTURE_AUTORELEASING = YES;
				CLANG_WARN_BOOL_CONVERSION = YES;
				CLANG_WARN_COMMA = YES;
				CLANG_WARN_CONSTANT_CONVERSION = YES;
				CLANG_WARN_DEPRECATED_OBJC_IMPLEMENTATIONS = YES;
				CLANG_WARN_DIRECT_OBJC_ISA_USAGE = YES_ERROR;
				CLANG_WARN_DOCUMENTATION_COMMENTS = YES;
				CLANG_WARN_EMPTY_BODY = YES;
				CLANG_WARN_ENUM_CONVERSION = YES;
				CLANG_WARN_INFINITE_RECURSION = YES;
				CLANG_WARN_INT_CONVERSION = YES;
				CLANG_WARN_NON_LITERAL_NULL_CONVERSION = YES;
				CLANG_WARN_OBJC_IMPLICIT_RETAIN_SELF = YES;
				CLANG_WARN_OBJC_LITERAL_CONVERSION = YES;
				CLANG_WARN_OBJC_ROOT_CLASS = YES_ERROR;
				CLANG_WARN_QUOTED_INCLUDE_IN_FRAMEWORK_HEADER = YES;
				CLANG_WARN_RANGE_LOOP_ANALYSIS = YES;
				CLANG_WARN_STRICT_PROTOTYPES = YES;
				CLANG_WARN_SUSPICIOUS_MOVE = YES;
				CLANG_WARN_UNGUARDED_AVAILABILITY = YES_AGGRESSIVE;
				CLANG_WARN_UNREACHABLE_CODE = YES;
				CLANG_WARN__DUPLICATE_METHOD_MATCH = YES;
				COPY_PHASE_STRIP = NO;
				DEBUG_INFORMATION_FORMAT = "dwarf-with-dsym";
				ENABLE_NS_ASSERTIONS = NO;
				ENABLE_STRICT_OBJC_MSGSEND = YES;
				ENABLE_USER_SCRIPT_SANDBOXING = YES;
				GCC_C_LANGUAGE_STANDARD = gnu17;
				GCC_NO_COMMON_BLOCKS = YES;
				GCC_WARN_64_TO_32_BIT_CONVERSION = YES;
				GCC_WARN_ABOUT_RETURN_TYPE = YES_ERROR;
				GCC_WARN_UNDECLARED_SELECTOR = YES;
				GCC_WARN_UNINITIALIZED_AUTOS = YES_AGGRESSIVE;
				GCC_WARN_UNUSED_FUNCTION = YES;
				GCC_WARN_UNUSED_VARIABLE = YES;
				IPHONEOS_DEPLOYMENT_TARGET = 18.1;
				LOCALIZATION_PREFERS_STRING_CATALOGS = YES;
				MTL_ENABLE_DEBUG_INFO = NO;
				MTL_FAST_MATH = YES;
				SDKROOT = iphoneos;
				SWIFT_COMPILATION_MODE = wholemodule;
				VALIDATE_PRODUCT = YES;
			};
			name = Release;
		};
		26EAB8282D14805B0068F407 /* Debug */ = {
			isa = XCBuildConfiguration;
			buildSettings = {
				ASSETCATALOG_COMPILER_APPICON_NAME = AppIcon;
				ASSETCATALOG_COMPILER_GLOBAL_ACCENT_COLOR_NAME = AccentColor;
				CODE_SIGN_STYLE = Automatic;
				CURRENT_PROJECT_VERSION = 1;
				DEVELOPMENT_ASSET_PATHS = "\"Resourses/Preview Content\"";
				DEVELOPMENT_TEAM = LT54Q8Z33F;
				ENABLE_PREVIEWS = YES;
				GENERATE_INFOPLIST_FILE = YES;
				INFOPLIST_KEY_CFBundleDisplayName = "Crypto Tracker";
				INFOPLIST_KEY_UIApplicationSceneManifest_Generation = YES;
				INFOPLIST_KEY_UIApplicationSupportsIndirectInputEvents = YES;
				INFOPLIST_KEY_UILaunchScreen_Generation = YES;
				INFOPLIST_KEY_UISupportedInterfaceOrientations_iPad = "UIInterfaceOrientationPortrait UIInterfaceOrientationPortraitUpsideDown UIInterfaceOrientationLandscapeLeft UIInterfaceOrientationLandscapeRight";
				INFOPLIST_KEY_UISupportedInterfaceOrientations_iPhone = "UIInterfaceOrientationPortrait UIInterfaceOrientationLandscapeLeft UIInterfaceOrientationLandscapeRight";
				LD_RUNPATH_SEARCH_PATHS = (
					"$(inherited)",
					"@executable_path/Frameworks",
				);
				MARKETING_VERSION = 1.0;
				PRODUCT_BUNDLE_IDENTIFIER = ru.eliseev.dmitry.CryptoApp;
				PRODUCT_NAME = "$(TARGET_NAME)";
				SUPPORTED_PLATFORMS = "iphoneos iphonesimulator";
				SUPPORTS_MACCATALYST = NO;
				SUPPORTS_MAC_DESIGNED_FOR_IPHONE_IPAD = NO;
				SUPPORTS_XR_DESIGNED_FOR_IPHONE_IPAD = NO;
				SWIFT_EMIT_LOC_STRINGS = YES;
				SWIFT_VERSION = 5.0;
				TARGETED_DEVICE_FAMILY = "1,2";
			};
			name = Debug;
		};
		26EAB8292D14805B0068F407 /* Release */ = {
			isa = XCBuildConfiguration;
			buildSettings = {
				ASSETCATALOG_COMPILER_APPICON_NAME = AppIcon;
				ASSETCATALOG_COMPILER_GLOBAL_ACCENT_COLOR_NAME = AccentColor;
				CODE_SIGN_STYLE = Automatic;
				CURRENT_PROJECT_VERSION = 1;
				DEVELOPMENT_ASSET_PATHS = "\"Resourses/Preview Content\"";
				DEVELOPMENT_TEAM = LT54Q8Z33F;
				ENABLE_PREVIEWS = YES;
				GENERATE_INFOPLIST_FILE = YES;
				INFOPLIST_KEY_CFBundleDisplayName = "Crypto Tracker";
				INFOPLIST_KEY_UIApplicationSceneManifest_Generation = YES;
				INFOPLIST_KEY_UIApplicationSupportsIndirectInputEvents = YES;
				INFOPLIST_KEY_UILaunchScreen_Generation = YES;
				INFOPLIST_KEY_UISupportedInterfaceOrientations_iPad = "UIInterfaceOrientationPortrait UIInterfaceOrientationPortraitUpsideDown UIInterfaceOrientationLandscapeLeft UIInterfaceOrientationLandscapeRight";
				INFOPLIST_KEY_UISupportedInterfaceOrientations_iPhone = "UIInterfaceOrientationPortrait UIInterfaceOrientationLandscapeLeft UIInterfaceOrientationLandscapeRight";
				LD_RUNPATH_SEARCH_PATHS = (
					"$(inherited)",
					"@executable_path/Frameworks",
				);
				MARKETING_VERSION = 1.0;
				PRODUCT_BUNDLE_IDENTIFIER = ru.eliseev.dmitry.CryptoApp;
				PRODUCT_NAME = "$(TARGET_NAME)";
				SUPPORTED_PLATFORMS = "iphoneos iphonesimulator";
				SUPPORTS_MACCATALYST = NO;
				SUPPORTS_MAC_DESIGNED_FOR_IPHONE_IPAD = NO;
				SUPPORTS_XR_DESIGNED_FOR_IPHONE_IPAD = NO;
				SWIFT_EMIT_LOC_STRINGS = YES;
				SWIFT_VERSION = 5.0;
				TARGETED_DEVICE_FAMILY = "1,2";
			};
			name = Release;
		};
/* End XCBuildConfiguration section */

/* Begin XCConfigurationList section */
		26EAB8142D1480590068F407 /* Build configuration list for PBXProject "CryptoApp" */ = {
			isa = XCConfigurationList;
			buildConfigurations = (
				26EAB8252D14805B0068F407 /* Debug */,
				26EAB8262D14805B0068F407 /* Release */,
			);
			defaultConfigurationIsVisible = 0;
			defaultConfigurationName = Release;
		};
		26EAB8272D14805B0068F407 /* Build configuration list for PBXNativeTarget "CryptoApp" */ = {
			isa = XCConfigurationList;
			buildConfigurations = (
				26EAB8282D14805B0068F407 /* Debug */,
				26EAB8292D14805B0068F407 /* Release */,
			);
			defaultConfigurationIsVisible = 0;
			defaultConfigurationName = Release;
		};
/* End XCConfigurationList section */

/* Begin XCVersionGroup section */
		266A1C052D1A78F000787171 /* PortfolioContainer.xcdatamodeld */ = {
			isa = XCVersionGroup;
			children = (
				266A1C062D1A78F000787171 /* PortfolioContainer.xcdatamodel */,
			);
			currentVersion = 266A1C062D1A78F000787171 /* PortfolioContainer.xcdatamodel */;
			path = PortfolioContainer.xcdatamodeld;
			sourceTree = "<group>";
			versionGroupType = wrapper.xcdatamodel;
		};
/* End XCVersionGroup section */
	};
	rootObject = 26EAB8112D1480590068F407 /* Project object */;
}
